// !$*UTF8*$!
{
	archiveVersion = 1;
	classes = {
	};
	objectVersion = 56;
	objects = {

/* Begin PBXBuildFile section */
		6065EAA02A339F8F005EA9FB /* UnitTestingApp.swift in Sources */ = {isa = PBXBuildFile; fileRef = 6065EA9F2A339F8F005EA9FB /* UnitTestingApp.swift */; };
		6065EAA22A339F8F005EA9FB /* ContentView.swift in Sources */ = {isa = PBXBuildFile; fileRef = 6065EAA12A339F8F005EA9FB /* ContentView.swift */; };
		6065EAA42A339F91005EA9FB /* Assets.xcassets in Resources */ = {isa = PBXBuildFile; fileRef = 6065EAA32A339F91005EA9FB /* Assets.xcassets */; };
		6065EAA72A339F91005EA9FB /* Preview Assets.xcassets in Resources */ = {isa = PBXBuildFile; fileRef = 6065EAA62A339F91005EA9FB /* Preview Assets.xcassets */; };
		6065EAAE2A33A0A5005EA9FB /* UnitTestingView.swift in Sources */ = {isa = PBXBuildFile; fileRef = 6065EAAD2A33A0A5005EA9FB /* UnitTestingView.swift */; };
		6065EAB22A33A1D2005EA9FB /* UnitTestViewModel.swift in Sources */ = {isa = PBXBuildFile; fileRef = 6065EAB12A33A1D2005EA9FB /* UnitTestViewModel.swift */; };
		6065EABA2A33A56C005EA9FB /* UnitTesting_Tests.swift in Sources */ = {isa = PBXBuildFile; fileRef = 6065EAB92A33A56C005EA9FB /* UnitTesting_Tests.swift */; };
		6065EAC22A33A948005EA9FB /* UnitTestViewModel_Tests.swift in Sources */ = {isa = PBXBuildFile; fileRef = 6065EAC12A33A948005EA9FB /* UnitTestViewModel_Tests.swift */; };
		6065EAC52A33D61C005EA9FB /* MockDataService.swift in Sources */ = {isa = PBXBuildFile; fileRef = 6065EAC42A33D61C005EA9FB /* MockDataService.swift */; };
		6065EAC82A33E1B0005EA9FB /* MockDataService_Tests.swift in Sources */ = {isa = PBXBuildFile; fileRef = 6065EAC72A33E1B0005EA9FB /* MockDataService_Tests.swift */; };
/* End PBXBuildFile section */

/* Begin PBXContainerItemProxy section */
		6065EABB2A33A56C005EA9FB /* PBXContainerItemProxy */ = {
			isa = PBXContainerItemProxy;
			containerPortal = 6065EA942A339F8F005EA9FB /* Project object */;
			proxyType = 1;
			remoteGlobalIDString = 6065EA9B2A339F8F005EA9FB;
			remoteInfo = UnitTesting;
		};
/* End PBXContainerItemProxy section */

/* Begin PBXFileReference section */
		6065EA9C2A339F8F005EA9FB /* UnitTesting.app */ = {isa = PBXFileReference; explicitFileType = wrapper.application; includeInIndex = 0; path = UnitTesting.app; sourceTree = BUILT_PRODUCTS_DIR; };
		6065EA9F2A339F8F005EA9FB /* UnitTestingApp.swift */ = {isa = PBXFileReference; lastKnownFileType = sourcecode.swift; path = UnitTestingApp.swift; sourceTree = "<group>"; };
		6065EAA12A339F8F005EA9FB /* ContentView.swift */ = {isa = PBXFileReference; lastKnownFileType = sourcecode.swift; path = ContentView.swift; sourceTree = "<group>"; };
		6065EAA32A339F91005EA9FB /* Assets.xcassets */ = {isa = PBXFileReference; lastKnownFileType = folder.assetcatalog; path = Assets.xcassets; sourceTree = "<group>"; };
		6065EAA62A339F91005EA9FB /* Preview Assets.xcassets */ = {isa = PBXFileReference; lastKnownFileType = folder.assetcatalog; path = "Preview Assets.xcassets"; sourceTree = "<group>"; };
		6065EAAD2A33A0A5005EA9FB /* UnitTestingView.swift */ = {isa = PBXFileReference; lastKnownFileType = sourcecode.swift; path = UnitTestingView.swift; sourceTree = "<group>"; };
		6065EAB12A33A1D2005EA9FB /* UnitTestViewModel.swift */ = {isa = PBXFileReference; lastKnownFileType = sourcecode.swift; path = UnitTestViewModel.swift; sourceTree = "<group>"; };
		6065EAB72A33A56B005EA9FB /* UnitTesting_Tests.xctest */ = {isa = PBXFileReference; explicitFileType = wrapper.cfbundle; includeInIndex = 0; path = UnitTesting_Tests.xctest; sourceTree = BUILT_PRODUCTS_DIR; };
		6065EAB92A33A56C005EA9FB /* UnitTesting_Tests.swift */ = {isa = PBXFileReference; lastKnownFileType = sourcecode.swift; path = UnitTesting_Tests.swift; sourceTree = "<group>"; };
		6065EAC12A33A948005EA9FB /* UnitTestViewModel_Tests.swift */ = {isa = PBXFileReference; lastKnownFileType = sourcecode.swift; path = UnitTestViewModel_Tests.swift; sourceTree = "<group>"; };
		6065EAC42A33D61C005EA9FB /* MockDataService.swift */ = {isa = PBXFileReference; lastKnownFileType = sourcecode.swift; path = MockDataService.swift; sourceTree = "<group>"; };
		6065EAC72A33E1B0005EA9FB /* MockDataService_Tests.swift */ = {isa = PBXFileReference; lastKnownFileType = sourcecode.swift; path = MockDataService_Tests.swift; sourceTree = "<group>"; };
/* End PBXFileReference section */

/* Begin PBXFrameworksBuildPhase section */
		6065EA992A339F8F005EA9FB /* Frameworks */ = {
			isa = PBXFrameworksBuildPhase;
			buildActionMask = 2147483647;
			files = (
			);
			runOnlyForDeploymentPostprocessing = 0;
		};
		6065EAB42A33A56B005EA9FB /* Frameworks */ = {
			isa = PBXFrameworksBuildPhase;
			buildActionMask = 2147483647;
			files = (
			);
			runOnlyForDeploymentPostprocessing = 0;
		};
/* End PBXFrameworksBuildPhase section */

/* Begin PBXGroup section */
		6065EA932A339F8F005EA9FB = {
			isa = PBXGroup;
			children = (
				6065EA9E2A339F8F005EA9FB /* UnitTesting */,
				6065EAB82A33A56C005EA9FB /* UnitTesting_Tests */,
				6065EA9D2A339F8F005EA9FB /* Products */,
			);
			sourceTree = "<group>";
		};
		6065EA9D2A339F8F005EA9FB /* Products */ = {
			isa = PBXGroup;
			children = (
				6065EA9C2A339F8F005EA9FB /* UnitTesting.app */,
				6065EAB72A33A56B005EA9FB /* UnitTesting_Tests.xctest */,
			);
			name = Products;
			sourceTree = "<group>";
		};
		6065EA9E2A339F8F005EA9FB /* UnitTesting */ = {
			isa = PBXGroup;
			children = (
				6065EAC32A33D602005EA9FB /* Services */,
				6065EAB02A33A1C1005EA9FB /* ViewModels */,
				6065EAAF2A33A0AA005EA9FB /* Views */,
				6065EA9F2A339F8F005EA9FB /* UnitTestingApp.swift */,
				6065EAA12A339F8F005EA9FB /* ContentView.swift */,
				6065EAA32A339F91005EA9FB /* Assets.xcassets */,
				6065EAA52A339F91005EA9FB /* Preview Content */,
			);
			path = UnitTesting;
			sourceTree = "<group>";
		};
		6065EAA52A339F91005EA9FB /* Preview Content */ = {
			isa = PBXGroup;
			children = (
				6065EAA62A339F91005EA9FB /* Preview Assets.xcassets */,
			);
			path = "Preview Content";
			sourceTree = "<group>";
		};
		6065EAAF2A33A0AA005EA9FB /* Views */ = {
			isa = PBXGroup;
			children = (
				6065EAAD2A33A0A5005EA9FB /* UnitTestingView.swift */,
			);
			path = Views;
			sourceTree = "<group>";
		};
		6065EAB02A33A1C1005EA9FB /* ViewModels */ = {
			isa = PBXGroup;
			children = (
				6065EAB12A33A1D2005EA9FB /* UnitTestViewModel.swift */,
			);
			path = ViewModels;
			sourceTree = "<group>";
		};
		6065EAB82A33A56C005EA9FB /* UnitTesting_Tests */ = {
			isa = PBXGroup;
			children = (
				6065EAC62A33E001005EA9FB /* Services_Tests */,
				6065EAC02A33A8E0005EA9FB /* ViewModel_Tests */,
				6065EAB92A33A56C005EA9FB /* UnitTesting_Tests.swift */,
			);
			path = UnitTesting_Tests;
			sourceTree = "<group>";
		};
		6065EAC02A33A8E0005EA9FB /* ViewModel_Tests */ = {
			isa = PBXGroup;
			children = (
				6065EAC12A33A948005EA9FB /* UnitTestViewModel_Tests.swift */,
			);
			path = ViewModel_Tests;
			sourceTree = "<group>";
		};
		6065EAC32A33D602005EA9FB /* Services */ = {
			isa = PBXGroup;
			children = (
				6065EAC42A33D61C005EA9FB /* MockDataService.swift */,
			);
			path = Services;
			sourceTree = "<group>";
		};
		6065EAC62A33E001005EA9FB /* Services_Tests */ = {
			isa = PBXGroup;
			children = (
				6065EAC72A33E1B0005EA9FB /* MockDataService_Tests.swift */,
			);
			path = Services_Tests;
			sourceTree = "<group>";
		};
/* End PBXGroup section */

/* Begin PBXNativeTarget section */
		6065EA9B2A339F8F005EA9FB /* UnitTesting */ = {
			isa = PBXNativeTarget;
			buildConfigurationList = 6065EAAA2A339F91005EA9FB /* Build configuration list for PBXNativeTarget "UnitTesting" */;
			buildPhases = (
				6065EA982A339F8F005EA9FB /* Sources */,
				6065EA992A339F8F005EA9FB /* Frameworks */,
				6065EA9A2A339F8F005EA9FB /* Resources */,
			);
			buildRules = (
			);
			dependencies = (
			);
			name = UnitTesting;
			productName = UnitTesting;
			productReference = 6065EA9C2A339F8F005EA9FB /* UnitTesting.app */;
			productType = "com.apple.product-type.application";
		};
		6065EAB62A33A56B005EA9FB /* UnitTesting_Tests */ = {
			isa = PBXNativeTarget;
			buildConfigurationList = 6065EABD2A33A56C005EA9FB /* Build configuration list for PBXNativeTarget "UnitTesting_Tests" */;
			buildPhases = (
				6065EAB32A33A56B005EA9FB /* Sources */,
				6065EAB42A33A56B005EA9FB /* Frameworks */,
				6065EAB52A33A56B005EA9FB /* Resources */,
			);
			buildRules = (
			);
			dependencies = (
				6065EABC2A33A56C005EA9FB /* PBXTargetDependency */,
			);
			name = UnitTesting_Tests;
			productName = UnitTesting_Tests;
			productReference = 6065EAB72A33A56B005EA9FB /* UnitTesting_Tests.xctest */;
			productType = "com.apple.product-type.bundle.unit-test";
		};
/* End PBXNativeTarget section */

/* Begin PBXProject section */
		6065EA942A339F8F005EA9FB /* Project object */ = {
			isa = PBXProject;
			attributes = {
				BuildIndependentTargetsInParallel = 1;
				LastSwiftUpdateCheck = 1430;
				LastUpgradeCheck = 1430;
				TargetAttributes = {
					6065EA9B2A339F8F005EA9FB = {
						CreatedOnToolsVersion = 14.3;
					};
					6065EAB62A33A56B005EA9FB = {
						CreatedOnToolsVersion = 14.3;
						TestTargetID = 6065EA9B2A339F8F005EA9FB;
					};
				};
			};
			buildConfigurationList = 6065EA972A339F8F005EA9FB /* Build configuration list for PBXProject "UnitTesting" */;
			compatibilityVersion = "Xcode 14.0";
			developmentRegion = en;
			hasScannedForEncodings = 0;
			knownRegions = (
				en,
				Base,
			);
			mainGroup = 6065EA932A339F8F005EA9FB;
			productRefGroup = 6065EA9D2A339F8F005EA9FB /* Products */;
			projectDirPath = "";
			projectRoot = "";
			targets = (
				6065EA9B2A339F8F005EA9FB /* UnitTesting */,
				6065EAB62A33A56B005EA9FB /* UnitTesting_Tests */,
			);
		};
/* End PBXProject section */

/* Begin PBXResourcesBuildPhase section */
		6065EA9A2A339F8F005EA9FB /* Resources */ = {
			isa = PBXResourcesBuildPhase;
			buildActionMask = 2147483647;
			files = (
				6065EAA72A339F91005EA9FB /* Preview Assets.xcassets in Resources */,
				6065EAA42A339F91005EA9FB /* Assets.xcassets in Resources */,
			);
			runOnlyForDeploymentPostprocessing = 0;
		};
		6065EAB52A33A56B005EA9FB /* Resources */ = {
			isa = PBXResourcesBuildPhase;
			buildActionMask = 2147483647;
			files = (
			);
			runOnlyForDeploymentPostprocessing = 0;
		};
/* End PBXResourcesBuildPhase section */

/* Begin PBXSourcesBuildPhase section */
		6065EA982A339F8F005EA9FB /* Sources */ = {
			isa = PBXSourcesBuildPhase;
			buildActionMask = 2147483647;
			files = (
				6065EAC52A33D61C005EA9FB /* MockDataService.swift in Sources */,
				6065EAAE2A33A0A5005EA9FB /* UnitTestingView.swift in Sources */,
				6065EAA22A339F8F005EA9FB /* ContentView.swift in Sources */,
				6065EAB22A33A1D2005EA9FB /* UnitTestViewModel.swift in Sources */,
				6065EAA02A339F8F005EA9FB /* UnitTestingApp.swift in Sources */,
			);
			runOnlyForDeploymentPostprocessing = 0;
		};
		6065EAB32A33A56B005EA9FB /* Sources */ = {
			isa = PBXSourcesBuildPhase;
			buildActionMask = 2147483647;
			files = (
				6065EAC22A33A948005EA9FB /* UnitTestViewModel_Tests.swift in Sources */,
				6065EABA2A33A56C005EA9FB /* UnitTesting_Tests.swift in Sources */,
				6065EAC82A33E1B0005EA9FB /* MockDataService_Tests.swift in Sources */,
			);
			runOnlyForDeploymentPostprocessing = 0;
		};
/* End PBXSourcesBuildPhase section */

/* Begin PBXTargetDependency section */
		6065EABC2A33A56C005EA9FB /* PBXTargetDependency */ = {
			isa = PBXTargetDependency;
			target = 6065EA9B2A339F8F005EA9FB /* UnitTesting */;
			targetProxy = 6065EABB2A33A56C005EA9FB /* PBXContainerItemProxy */;
		};
/* End PBXTargetDependency section */

/* Begin XCBuildConfiguration section */
		6065EAA82A339F91005EA9FB /* Debug */ = {
			isa = XCBuildConfiguration;
			buildSettings = {
				ALWAYS_SEARCH_USER_PATHS = NO;
				CLANG_ANALYZER_NONNULL = YES;
				CLANG_ANALYZER_NUMBER_OBJECT_CONVERSION = YES_AGGRESSIVE;
				CLANG_CXX_LANGUAGE_STANDARD = "gnu++20";
				CLANG_ENABLE_MODULES = YES;
				CLANG_ENABLE_OBJC_ARC = YES;
				CLANG_ENABLE_OBJC_WEAK = YES;
				CLANG_WARN_BLOCK_CAPTURE_AUTORELEASING = YES;
				CLANG_WARN_BOOL_CONVERSION = YES;
				CLANG_WARN_COMMA = YES;
				CLANG_WARN_CONSTANT_CONVERSION = YES;
				CLANG_WARN_DEPRECATED_OBJC_IMPLEMENTATIONS = YES;
				CLANG_WARN_DIRECT_OBJC_ISA_USAGE = YES_ERROR;
				CLANG_WARN_DOCUMENTATION_COMMENTS = YES;
				CLANG_WARN_EMPTY_BODY = YES;
				CLANG_WARN_ENUM_CONVERSION = YES;
				CLANG_WARN_INFINITE_RECURSION = YES;
				CLANG_WARN_INT_CONVERSION = YES;
				CLANG_WARN_NON_LITERAL_NULL_CONVERSION = YES;
				CLANG_WARN_OBJC_IMPLICIT_RETAIN_SELF = YES;
				CLANG_WARN_OBJC_LITERAL_CONVERSION = YES;
				CLANG_WARN_OBJC_ROOT_CLASS = YES_ERROR;
				CLANG_WARN_QUOTED_INCLUDE_IN_FRAMEWORK_HEADER = YES;
				CLANG_WARN_RANGE_LOOP_ANALYSIS = YES;
				CLANG_WARN_STRICT_PROTOTYPES = YES;
				CLANG_WARN_SUSPICIOUS_MOVE = YES;
				CLANG_WARN_UNGUARDED_AVAILABILITY = YES_AGGRESSIVE;
				CLANG_WARN_UNREACHABLE_CODE = YES;
				CLANG_WARN__DUPLICATE_METHOD_MATCH = YES;
				COPY_PHASE_STRIP = NO;
				DEBUG_INFORMATION_FORMAT = dwarf;
				ENABLE_STRICT_OBJC_MSGSEND = YES;
				ENABLE_TESTABILITY = YES;
				GCC_C_LANGUAGE_STANDARD = gnu11;
				GCC_DYNAMIC_NO_PIC = NO;
				GCC_NO_COMMON_BLOCKS = YES;
				GCC_OPTIMIZATION_LEVEL = 0;
				GCC_PREPROCESSOR_DEFINITIONS = (
					"DEBUG=1",
					"$(inherited)",
				);
				GCC_WARN_64_TO_32_BIT_CONVERSION = YES;
				GCC_WARN_ABOUT_RETURN_TYPE = YES_ERROR;
				GCC_WARN_UNDECLARED_SELECTOR = YES;
				GCC_WARN_UNINITIALIZED_AUTOS = YES_AGGRESSIVE;
				GCC_WARN_UNUSED_FUNCTION = YES;
				GCC_WARN_UNUSED_VARIABLE = YES;
				IPHONEOS_DEPLOYMENT_TARGET = 16.4;
				MTL_ENABLE_DEBUG_INFO = INCLUDE_SOURCE;
				MTL_FAST_MATH = YES;
				ONLY_ACTIVE_ARCH = YES;
				SDKROOT = iphoneos;
				SWIFT_ACTIVE_COMPILATION_CONDITIONS = DEBUG;
				SWIFT_OPTIMIZATION_LEVEL = "-Onone";
			};
			name = Debug;
		};
		6065EAA92A339F91005EA9FB /* Release */ = {
			isa = XCBuildConfiguration;
			buildSettings = {
				ALWAYS_SEARCH_USER_PATHS = NO;
				CLANG_ANALYZER_NONNULL = YES;
				CLANG_ANALYZER_NUMBER_OBJECT_CONVERSION = YES_AGGRESSIVE;
				CLANG_CXX_LANGUAGE_STANDARD = "gnu++20";
				CLANG_ENABLE_MODULES = YES;
				CLANG_ENABLE_OBJC_ARC = YES;
				CLANG_ENABLE_OBJC_WEAK = YES;
				CLANG_WARN_BLOCK_CAPTURE_AUTORELEASING = YES;
				CLANG_WARN_BOOL_CONVERSION = YES;
				CLANG_WARN_COMMA = YES;
				CLANG_WARN_CONSTANT_CONVERSION = YES;
				CLANG_WARN_DEPRECATED_OBJC_IMPLEMENTATIONS = YES;
				CLANG_WARN_DIRECT_OBJC_ISA_USAGE = YES_ERROR;
				CLANG_WARN_DOCUMENTATION_COMMENTS = YES;
				CLANG_WARN_EMPTY_BODY = YES;
				CLANG_WARN_ENUM_CONVERSION = YES;
				CLANG_WARN_INFINITE_RECURSION = YES;
				CLANG_WARN_INT_CONVERSION = YES;
				CLANG_WARN_NON_LITERAL_NULL_CONVERSION = YES;
				CLANG_WARN_OBJC_IMPLICIT_RETAIN_SELF = YES;
				CLANG_WARN_OBJC_LITERAL_CONVERSION = YES;
				CLANG_WARN_OBJC_ROOT_CLASS = YES_ERROR;
				CLANG_WARN_QUOTED_INCLUDE_IN_FRAMEWORK_HEADER = YES;
				CLANG_WARN_RANGE_LOOP_ANALYSIS = YES;
				CLANG_WARN_STRICT_PROTOTYPES = YES;
				CLANG_WARN_SUSPICIOUS_MOVE = YES;
				CLANG_WARN_UNGUARDED_AVAILABILITY = YES_AGGRESSIVE;
				CLANG_WARN_UNREACHABLE_CODE = YES;
				CLANG_WARN__DUPLICATE_METHOD_MATCH = YES;
				COPY_PHASE_STRIP = NO;
				DEBUG_INFORMATION_FORMAT = "dwarf-with-dsym";
				ENABLE_NS_ASSERTIONS = NO;
				ENABLE_STRICT_OBJC_MSGSEND = YES;
				GCC_C_LANGUAGE_STANDARD = gnu11;
				GCC_NO_COMMON_BLOCKS = YES;
				GCC_WARN_64_TO_32_BIT_CONVERSION = YES;
				GCC_WARN_ABOUT_RETURN_TYPE = YES_ERROR;
				GCC_WARN_UNDECLARED_SELECTOR = YES;
				GCC_WARN_UNINITIALIZED_AUTOS = YES_AGGRESSIVE;
				GCC_WARN_UNUSED_FUNCTION = YES;
				GCC_WARN_UNUSED_VARIABLE = YES;
				IPHONEOS_DEPLOYMENT_TARGET = 16.4;
				MTL_ENABLE_DEBUG_INFO = NO;
				MTL_FAST_MATH = YES;
				SDKROOT = iphoneos;
				SWIFT_COMPILATION_MODE = wholemodule;
				SWIFT_OPTIMIZATION_LEVEL = "-O";
				VALIDATE_PRODUCT = YES;
			};
			name = Release;
		};
		6065EAAB2A339F91005EA9FB /* Debug */ = {
			isa = XCBuildConfiguration;
			buildSettings = {
				ASSETCATALOG_COMPILER_APPICON_NAME = AppIcon;
				ASSETCATALOG_COMPILER_GLOBAL_ACCENT_COLOR_NAME = AccentColor;
				CODE_SIGN_STYLE = Automatic;
				CURRENT_PROJECT_VERSION = 1;
				DEVELOPMENT_ASSET_PATHS = "\"UnitTesting/Preview Content\"";
				DEVELOPMENT_TEAM = U3LRV99U6L;
				ENABLE_PREVIEWS = YES;
				GENERATE_INFOPLIST_FILE = YES;
				INFOPLIST_KEY_UIApplicationSceneManifest_Generation = YES;
				INFOPLIST_KEY_UIApplicationSupportsIndirectInputEvents = YES;
				INFOPLIST_KEY_UILaunchScreen_Generation = YES;
				INFOPLIST_KEY_UISupportedInterfaceOrientations_iPad = "UIInterfaceOrientationPortrait UIInterfaceOrientationPortraitUpsideDown UIInterfaceOrientationLandscapeLeft UIInterfaceOrientationLandscapeRight";
				INFOPLIST_KEY_UISupportedInterfaceOrientations_iPhone = "UIInterfaceOrientationPortrait UIInterfaceOrientationLandscapeLeft UIInterfaceOrientationLandscapeRight";
				LD_RUNPATH_SEARCH_PATHS = (
					"$(inherited)",
					"@executable_path/Frameworks",
				);
				MARKETING_VERSION = 1.0;
				PRODUCT_BUNDLE_IDENTIFIER = com.kzk.UnitTesting;
				PRODUCT_NAME = "$(TARGET_NAME)";
				SWIFT_EMIT_LOC_STRINGS = YES;
				SWIFT_VERSION = 5.0;
				TARGETED_DEVICE_FAMILY = "1,2";
			};
			name = Debug;
		};
		6065EAAC2A339F91005EA9FB /* Release */ = {
			isa = XCBuildConfiguration;
			buildSettings = {
				ASSETCATALOG_COMPILER_APPICON_NAME = AppIcon;
				ASSETCATALOG_COMPILER_GLOBAL_ACCENT_COLOR_NAME = AccentColor;
				CODE_SIGN_STYLE = Automatic;
				CURRENT_PROJECT_VERSION = 1;
				DEVELOPMENT_ASSET_PATHS = "\"UnitTesting/Preview Content\"";
				DEVELOPMENT_TEAM = U3LRV99U6L;
				ENABLE_PREVIEWS = YES;
				GENERATE_INFOPLIST_FILE = YES;
				INFOPLIST_KEY_UIApplicationSceneManifest_Generation = YES;
				INFOPLIST_KEY_UIApplicationSupportsIndirectInputEvents = YES;
				INFOPLIST_KEY_UILaunchScreen_Generation = YES;
				INFOPLIST_KEY_UISupportedInterfaceOrientations_iPad = "UIInterfaceOrientationPortrait UIInterfaceOrientationPortraitUpsideDown UIInterfaceOrientationLandscapeLeft UIInterfaceOrientationLandscapeRight";
				INFOPLIST_KEY_UISupportedInterfaceOrientations_iPhone = "UIInterfaceOrientationPortrait UIInterfaceOrientationLandscapeLeft UIInterfaceOrientationLandscapeRight";
				LD_RUNPATH_SEARCH_PATHS = (
					"$(inherited)",
					"@executable_path/Frameworks",
				);
				MARKETING_VERSION = 1.0;
				PRODUCT_BUNDLE_IDENTIFIER = com.kzk.UnitTesting;
				PRODUCT_NAME = "$(TARGET_NAME)";
				SWIFT_EMIT_LOC_STRINGS = YES;
				SWIFT_VERSION = 5.0;
				TARGETED_DEVICE_FAMILY = "1,2";
			};
			name = Release;
		};
		6065EABE2A33A56C005EA9FB /* Debug */ = {
			isa = XCBuildConfiguration;
			buildSettings = {
				BUNDLE_LOADER = "$(TEST_HOST)";
				CODE_SIGN_STYLE = Automatic;
				CURRENT_PROJECT_VERSION = 1;
				DEVELOPMENT_TEAM = U3LRV99U6L;
				GENERATE_INFOPLIST_FILE = YES;
				MARKETING_VERSION = 1.0;
				PRODUCT_BUNDLE_IDENTIFIER = "com.kzk.UnitTesting-Tests";
				PRODUCT_NAME = "$(TARGET_NAME)";
				SWIFT_EMIT_LOC_STRINGS = NO;
				SWIFT_VERSION = 5.0;
				TARGETED_DEVICE_FAMILY = "1,2";
				TEST_HOST = "$(BUILT_PRODUCTS_DIR)/UnitTesting.app/$(BUNDLE_EXECUTABLE_FOLDER_PATH)/UnitTesting";
			};
			name = Debug;
		};
		6065EABF2A33A56C005EA9FB /* Release */ = {
			isa = XCBuildConfiguration;
			buildSettings = {
				BUNDLE_LOADER = "$(TEST_HOST)";
				CODE_SIGN_STYLE = Automatic;
				CURRENT_PROJECT_VERSION = 1;
				DEVELOPMENT_TEAM = U3LRV99U6L;
				GENERATE_INFOPLIST_FILE = YES;
				MARKETING_VERSION = 1.0;
				PRODUCT_BUNDLE_IDENTIFIER = "com.kzk.UnitTesting-Tests";
				PRODUCT_NAME = "$(TARGET_NAME)";
				SWIFT_EMIT_LOC_STRINGS = NO;
				SWIFT_VERSION = 5.0;
				TARGETED_DEVICE_FAMILY = "1,2";
				TEST_HOST = "$(BUILT_PRODUCTS_DIR)/UnitTesting.app/$(BUNDLE_EXECUTABLE_FOLDER_PATH)/UnitTesting";
			};
			name = Release;
		};
/* End XCBuildConfiguration section */

/* Begin XCConfigurationList section */
		6065EA972A339F8F005EA9FB /* Build configuration list for PBXProject "UnitTesting" */ = {
			isa = XCConfigurationList;
			buildConfigurations = (
				6065EAA82A339F91005EA9FB /* Debug */,
				6065EAA92A339F91005EA9FB /* Release */,
			);
			defaultConfigurationIsVisible = 0;
			defaultConfigurationName = Release;
		};
		6065EAAA2A339F91005EA9FB /* Build configuration list for PBXNativeTarget "UnitTesting" */ = {
			isa = XCConfigurationList;
			buildConfigurations = (
				6065EAAB2A339F91005EA9FB /* Debug */,
				6065EAAC2A339F91005EA9FB /* Release */,
			);
			defaultConfigurationIsVisible = 0;
			defaultConfigurationName = Release;
		};
		6065EABD2A33A56C005EA9FB /* Build configuration list for PBXNativeTarget "UnitTesting_Tests" */ = {
			isa = XCConfigurationList;
			buildConfigurations = (
				6065EABE2A33A56C005EA9FB /* Debug */,
				6065EABF2A33A56C005EA9FB /* Release */,
			);
			defaultConfigurationIsVisible = 0;
			defaultConfigurationName = Release;
		};
/* End XCConfigurationList section */
	};
	rootObject = 6065EA942A339F8F005EA9FB /* Project object */;
}
